PODS:
  - FBSnapshotTestCase/Core (2.1.4)
  - Iconic (1.0.5)

DEPENDENCIES:
  - FBSnapshotTestCase/Core
  - Iconic (from `../Iconic.podspec`)

EXTERNAL SOURCES:
  Iconic:
    :path: "../Iconic.podspec"

SPEC CHECKSUMS:
  FBSnapshotTestCase: 094f9f314decbabe373b87cc339bea235a63e07a
  Iconic: 2a712987199df5881d896a39a9e3309192624400

PODFILE CHECKSUM: 8f7774b32c9b61d751154397c10f6c4079e68c31

COCOAPODS: 1.1.1
