PODS:
  - Iconic (1.0.0-beta1)

DEPENDENCIES:
  - Iconic (from `https://github.com/dzenbot/Iconic.git`)

EXTERNAL SOURCES:
  Iconic:
    :git: https://github.com/dzenbot/Iconic.git
    :submodules: true

CHECKOUT OPTIONS:
  Iconic:
    :commit: e620714b7c506a836b7d026b3380754d4db2f8c4
    :git: https://github.com/dzenbot/Iconic.git
    :submodules: true

SPEC CHECKSUMS:
  Iconic: 9f0b62ebb6f77d320aff81f66f9dfc11a34f85d6

PODFILE CHECKSUM: 76c8b6f4ca4f3f5b6dc05290c88c84144de3155b

COCOAPODS: 1.0.0
