PODS:
  - Iconic (1.0.0-beta1)

DEPENDENCIES:
  - Iconic (from `https://github.com/dzenbot/Iconic.git`)

EXTERNAL SOURCES:
  Iconic:
    :git: https://github.com/dzenbot/Iconic.git
    :submodules: true

CHECKOUT OPTIONS:
  Iconic:
    :commit: cbaa1dab803d569f2f3ce07197042bf562b2c8c0
    :git: https://github.com/dzenbot/Iconic.git
    :submodules: true

SPEC CHECKSUMS:
  Iconic: 5556bebacb93ea776076f8983b15e1dc2112adc2

PODFILE CHECKSUM: e9bef9e30e149e85f0ab75db01ec7e0030f1cfe8

COCOAPODS: 1.0.0
