PODS:
  - Iconic (1.0.0-beta1)

DEPENDENCIES:
  - Iconic (from `https://github.com/dzenbot/Iconic.git`)

EXTERNAL SOURCES:
  Iconic:
    :git: https://github.com/dzenbot/Iconic.git
    :submodules: true

CHECKOUT OPTIONS:
  Iconic:
    :commit: 9ee53e3f1aed443bf824d52b45cf4d5d22e98c3d
    :git: https://github.com/dzenbot/Iconic.git
    :submodules: true

SPEC CHECKSUMS:
  Iconic: e1bd0aa139e021fed5a452d94f9b4440ac61289a

PODFILE CHECKSUM: e9bef9e30e149e85f0ab75db01ec7e0030f1cfe8

COCOAPODS: 1.0.0
